schema: '2.0'
stages:
  annotation-eval:
    cmd: ..\.venv\Scripts\python.exe run_annotation_eval.py --params params.yaml
    deps:
    - path: ../apps/api/requirements.txt
      hash: md5
      md5: c58ef5cf764397f124068a0c1e397078
      size: 88
    - path: ../data/annotations/gold_v001/bootstrap_v001_full
      hash: md5
      md5: f1f9a0e87d1a281a45e4e245b98a088d.dir
      size: 2016978
      nfiles: 8
    - path: ../data/terminology/biomedical_aliases_v001.json
      hash: md5
      md5: 1aeaef75082bfef048baa67643477106
      size: 1536
    - path: ../packages/graph/schema/001_initial_prompt.md
      hash: md5
      md5: dfd867ab29766b11f0527b13ac51112e
      size: 7622
    - path: ../packages/llm
      hash: md5
      md5: 902960d281c4ba03ab7255ffe2981d9b.dir
      size: 134988
      nfiles: 16
    - path: ../pipelines/annotation/evaluation.py
      hash: md5
      md5: bfbb4a5d52e4ac82b7aaef5a3becf1eb
      size: 41524
    - path: ../pipelines/annotation/review_workbook.py
      hash: md5
      md5: 4d3b976ebd483b801341a2b6237e90ae
      size: 2656
    - path: ../pipelines/ingestion/extractors.py
      hash: md5
      md5: 405ef39584b60d995a37d676472ce44d
      size: 34536
    - path: ../pipelines/ingestion/models.py
      hash: md5
      md5: 698d5b985f27ba7ea9662fbf8d6dcca8
      size: 3896
    - path: ../pipelines/ingestion/non_instruct.py
      hash: md5
      md5: 144e05de62cb54e83707a7f302bfc9ad
      size: 22562
    - path: ../pipelines/ingestion/validation.py
      hash: md5
      md5: 2eecc1604aaa9a390a4b684959eab34c
      size: 10092
    - path: ../requirements-experiments.txt
      hash: md5
      md5: 82bf7f77d9c958262325dd209e88f85b
      size: 135
    - path: ../requirements-local-models.txt
      hash: md5
      md5: 0724808ef7510811e993478b6699d733
      size: 31
    - path: run_annotation_eval.py
      hash: md5
      md5: d1a03467d3bf1e9a6165b4597c8864c7
      size: 4834
    params:
      params.yaml:
        annotation_eval:
          eval_id: fullgold-noninst-extractor-v2-acceptance-v001
          python: ..\.venv\Scripts\python.exe
          gold_manifest: 
            data/annotations/gold_v001/bootstrap_v001_full/gold_manifest.json
          gold_root: data/annotations/gold_v001/bootstrap_v001_full
          output_root: data/annotations/eval_v001
          model_profile: local-non-instruct
          model: sentence-transformers/all-MiniLM-L6-v2
          entity_model: Ihor/gliner-biomed-small-v1.0
          min_confidence: 0.5
          limit:
          fail_fast: true
          non_instruct:
            embedding_model: sentence-transformers/all-MiniLM-L6-v2
            terminology_path: data/terminology/biomedical_aliases_v001.json
            entity_threshold: 0.5
            concept_threshold: 0.84
            relation_threshold: 0.62
            semantic_floor: 0.52
            semantic_weight: 0.5
            cue_weight: 0.25
            proximity_weight: 0.1
            entity_confidence_weight: 0.15
            max_pair_distance: 300
          neo4j_load_mode: none
          mlflow:
            enabled: true
            tracking_uri: http://127.0.0.1:5000
            experiment: medgraphrag-annotation-eval-v001
            run_name: fullgold-noninst-extractor-v2-acceptance-v001
            log_artifacts: true
    outs:
    - path: 
        ../data/annotations/eval_v001/fullgold-noninst-extractor-v2-acceptance-v001/artifact_manifest.json
      hash: md5
      md5: 1bf2773ac7ed118881e960ce8d144f5c
      size: 29998
    - path: 
        ../data/annotations/eval_v001/fullgold-noninst-extractor-v2-acceptance-v001/chunk_results.csv
      hash: md5
      md5: e877c77c89fcb2b637bc8e7c730768ee
      size: 2894
    - path: 
        ../data/annotations/eval_v001/fullgold-noninst-extractor-v2-acceptance-v001/errors.csv
      hash: md5
      md5: 7f4a5fc7bf88fb7acb0ae5d5d3dd680a
      size: 40
    - path: 
        ../data/annotations/eval_v001/fullgold-noninst-extractor-v2-acceptance-v001/eval_manifest.json
      hash: md5
      md5: 59f8b0f1d2c73ef7932de66a7762a4d9
      size: 9545
    - path: 
        ../data/annotations/eval_v001/fullgold-noninst-extractor-v2-acceptance-v001/gold_snapshot
      hash: md5
      md5: 0c0b181a62a58c0f00323427c9607972.dir
      size: 1471487
      nfiles: 5
    - path: 
        ../data/annotations/eval_v001/fullgold-noninst-extractor-v2-acceptance-v001/matches
      hash: md5
      md5: b09d13c590147c6ebf075d5d7a1e35c3.dir
      size: 481012
      nfiles: 2
    - path: 
        ../data/annotations/eval_v001/fullgold-noninst-extractor-v2-acceptance-v001/metrics.csv
      hash: md5
      md5: d5b0c3b65e6b24241da1cb67fad43b6f
      size: 1197
    - path: 
        ../data/annotations/eval_v001/fullgold-noninst-extractor-v2-acceptance-v001/metrics.json
      hash: md5
      md5: a98f6a1af1ccc1c61a8deea186076472
      size: 3652
    - path: 
        ../data/annotations/eval_v001/fullgold-noninst-extractor-v2-acceptance-v001/model_calls
      hash: md5
      md5: 1dbdd4b7e7b9ff652479d5ed9297460f.dir
      size: 62725418
      nfiles: 86
    - path: 
        ../data/annotations/eval_v001/fullgold-noninst-extractor-v2-acceptance-v001/neo4j_load_report.json
      hash: md5
      md5: 016f476ba5fca1ee8df6187be9a12e49
      size: 277
    - path: 
        ../data/annotations/eval_v001/fullgold-noninst-extractor-v2-acceptance-v001/predictions
      hash: md5
      md5: 6fc2fe3f34d97c813d069a6f53768256.dir
      size: 4119674
      nfiles: 5
    - path: 
        ../data/annotations/eval_v001/fullgold-noninst-extractor-v2-acceptance-v001/summary.md
      hash: md5
      md5: 805b6b97a4d3aaf281b285bee133c0c9
      size: 2243
  qa-eval:
    cmd: ..\.venv\Scripts\python.exe run_qa_eval.py --params params.yaml
    deps:
    - path: ../eval/questions/qa_gold_v002.json
      hash: md5
      md5: 8cddab38545e9a05c1882f84f05a48aa
      size: 4637
    - path: ../packages/llm
      hash: md5
      md5: 17b8837fbacc283244e9fee89b42ac36.dir
      size: 135133
      nfiles: 16
    - path: ../packages/qa
      hash: md5
      md5: b61147fff8233dcab7f2f32531be07f0.dir
      size: 213596
      nfiles: 17
    - path: ../pipelines/qa/evaluation.py
      hash: md5
      md5: 1c54ff2067e1bcd27ff3fe891f7869c0
      size: 41792
    - path: ../pipelines/qa/pipeline.py
      hash: md5
      md5: 3916342b751ccf7c656e04a48f4355d4
      size: 4306
    - path: run_qa_eval.py
      hash: md5
      md5: 2057176afac17a66b3e4a0b423c14c11
      size: 4394
    params:
      params.yaml:
        qa_eval:
          eval_id: qa-definitions-stretch-answer-v001
          python: ..\.venv\Scripts\python.exe
          question_file: eval/questions/qa_gold_v002.json
          question_root: eval/questions
          output_root: data/qa/eval_v001
          graph_run_id: fullgold-noninst-extractor-v2-graph-v001
          graph_source: accepted Extractor V2 graph plus curated medical 
            definitions v001
          model_profile: local-non-instruct
          answerer_provider: ollama
          model: qwen2.5:7b-instruct
          retriever: graph
          max_evidence: 12
          model_timeout_seconds: 8
          skip_answer: false
          limit:
          fail_fast: true
          llm_judge:
            enabled: false
            provider: openai
            model:
          mlflow:
            enabled: true
            tracking_uri: http://127.0.0.1:5000
            experiment: medgraphrag-qa-eval-v001
            run_name: qa-definitions-stretch-answer-v001
            log_artifacts: true
    outs:
    - path: ../data/qa/eval_v001/qa-definitions-stretch-answer-v001/answers
      hash: md5
      md5: 327598ed6bcd2fd567d586d0d640cf51.dir
      size: 130773
      nfiles: 6
    - path: 
        ../data/qa/eval_v001/qa-definitions-stretch-answer-v001/artifact_manifest.json
      hash: md5
      md5: a3d15b6eb7f033a83758a53d04985262
      size: 4905
    - path: ../data/qa/eval_v001/qa-definitions-stretch-answer-v001/errors.csv
      hash: md5
      md5: 8adaa2cbaf6e13609a9e455ec00ab80f
      size: 34
    - path: 
        ../data/qa/eval_v001/qa-definitions-stretch-answer-v001/eval_manifest.json
      hash: md5
      md5: 8f40935c933b42a4ee438681d8093a65
      size: 8527
    - path: 
        ../data/qa/eval_v001/qa-definitions-stretch-answer-v001/gold_snapshot
      hash: md5
      md5: a3bd5c86b2370fd1336df244f4727584.dir
      size: 4637
      nfiles: 1
    - path: 
        ../data/qa/eval_v001/qa-definitions-stretch-answer-v001/llm_judge_report.json
      hash: md5
      md5: 46c7943f8860b4799319cc6e80c388ca
      size: 190
    - path: ../data/qa/eval_v001/qa-definitions-stretch-answer-v001/manifest.csv
      hash: md5
      md5: fd515a385ac8f93dc43531bcfa9c8a00
      size: 2594
    - path: ../data/qa/eval_v001/qa-definitions-stretch-answer-v001/metrics.csv
      hash: md5
      md5: f6f237840c70ec9fd880023e442cc501
      size: 979
    - path: ../data/qa/eval_v001/qa-definitions-stretch-answer-v001/metrics.json
      hash: md5
      md5: 50af859d45a1991c7ea2156cfcdf7ca9
      size: 4006
    - path: ../data/qa/eval_v001/qa-definitions-stretch-answer-v001/model_calls
      hash: md5
      md5: d751713988987e9331980363e24189ce.dir
      size: 0
      nfiles: 0
    - path: 
        ../data/qa/eval_v001/qa-definitions-stretch-answer-v001/question_results.csv
      hash: md5
      md5: 2c842b1252cb3013208d256f5883fa99
      size: 2042
    - path: ../data/qa/eval_v001/qa-definitions-stretch-answer-v001/retrieved
      hash: md5
      md5: 3773272ee40212ea7eb782b19ed2438d.dir
      size: 70581
      nfiles: 6
    - path: ../data/qa/eval_v001/qa-definitions-stretch-answer-v001/summary.md
      hash: md5
      md5: 1c7f2d1ce9f5b4a26d9d9d2ab87961ad
      size: 1778
