schema: '2.0'
stages:
  annotation-eval:
    cmd: ..\.venv\Scripts\python.exe run_annotation_eval.py --params params.yaml
    deps:
    - path: ../apps/api/requirements.txt
      hash: md5
      md5: c58ef5cf764397f124068a0c1e397078
      size: 88
    - path: ../data/annotations/gold_v001/bootstrap_v001_full
      hash: md5
      md5: f1f9a0e87d1a281a45e4e245b98a088d.dir
      size: 2016978
      nfiles: 8
    - path: ../data/terminology/biomedical_aliases_v001.json
      hash: md5
      md5: eb97bc6e7c3e857e9f32a11f16d7e4cd
      size: 1532
    - path: ../packages/graph/schema/001_initial_prompt.md
      hash: md5
      md5: dfd867ab29766b11f0527b13ac51112e
      size: 7622
    - path: ../packages/llm
      hash: md5
      md5: d7976954a22ac135f660f1e931a2a28f.dir
      size: 134351
      nfiles: 16
    - path: ../pipelines/annotation/evaluation.py
      hash: md5
      md5: bfbb4a5d52e4ac82b7aaef5a3becf1eb
      size: 41524
    - path: ../pipelines/annotation/review_workbook.py
      hash: md5
      md5: 4d3b976ebd483b801341a2b6237e90ae
      size: 2656
    - path: ../pipelines/ingestion/extractors.py
      hash: md5
      md5: 405ef39584b60d995a37d676472ce44d
      size: 34536
    - path: ../pipelines/ingestion/models.py
      hash: md5
      md5: 7875b1d26c4ead12337ff0a3b4f1f0bb
      size: 3856
    - path: ../pipelines/ingestion/non_instruct.py
      hash: md5
      md5: fb5178150012c63793589979f0d67112
      size: 20930
    - path: ../pipelines/ingestion/validation.py
      hash: md5
      md5: 2eecc1604aaa9a390a4b684959eab34c
      size: 10092
    - path: ../requirements-experiments.txt
      hash: md5
      md5: 82bf7f77d9c958262325dd209e88f85b
      size: 135
    - path: ../requirements-local-models.txt
      hash: md5
      md5: 0724808ef7510811e993478b6699d733
      size: 31
    - path: run_annotation_eval.py
      hash: md5
      md5: d1a03467d3bf1e9a6165b4597c8864c7
      size: 4834
    params:
      params.yaml:
        annotation_eval:
          eval_id: fullgold-noninst-relation062-v001
          python: ..\.venv\Scripts\python.exe
          gold_manifest: 
            data/annotations/gold_v001/bootstrap_v001_full/gold_manifest.json
          gold_root: data/annotations/gold_v001/bootstrap_v001_full
          output_root: data/annotations/eval_v001
          model_profile: local-non-instruct
          model: sentence-transformers/all-MiniLM-L6-v2
          entity_model: Ihor/gliner-biomed-small-v1.0
          min_confidence: 0.5
          limit:
          fail_fast: true
          non_instruct:
            embedding_model: sentence-transformers/all-MiniLM-L6-v2
            terminology_path: data/terminology/biomedical_aliases_v001.json
            entity_threshold: 0.5
            concept_threshold: 0.84
            relation_threshold: 0.62
            semantic_floor: 0.52
            semantic_weight: 0.5
            cue_weight: 0.25
            proximity_weight: 0.1
            entity_confidence_weight: 0.15
            max_pair_distance: 300
          neo4j_load_mode: none
          mlflow:
            enabled: true
            tracking_uri: http://127.0.0.1:5000
            experiment: medgraphrag-annotation-eval-v001
            run_name: fullgold-noninst-relation062-v001
            log_artifacts: true
    outs:
    - path: 
        ../data/annotations/eval_v001/fullgold-noninst-relation062-v001/artifact_manifest.json
      hash: md5
      md5: d47b7d1f8b7646489092a6dc893b9058
      size: 28738
    - path: 
        ../data/annotations/eval_v001/fullgold-noninst-relation062-v001/chunk_results.csv
      hash: md5
      md5: 9e151e7c760173398c47656df181e48a
      size: 2872
    - path: 
        ../data/annotations/eval_v001/fullgold-noninst-relation062-v001/errors.csv
      hash: md5
      md5: 7f4a5fc7bf88fb7acb0ae5d5d3dd680a
      size: 40
    - path: 
        ../data/annotations/eval_v001/fullgold-noninst-relation062-v001/eval_manifest.json
      hash: md5
      md5: 486d1f97a758d1515519e133224a34c7
      size: 9216
    - path: 
        ../data/annotations/eval_v001/fullgold-noninst-relation062-v001/gold_snapshot
      hash: md5
      md5: 905a70a4ce65193d8f7b7bafaf44d3d4.dir
      size: 1471439
      nfiles: 5
    - path: 
        ../data/annotations/eval_v001/fullgold-noninst-relation062-v001/matches
      hash: md5
      md5: 3d3b2fac5670c2c21384a3bfb2ea7c41.dir
      size: 375732
      nfiles: 2
    - path: 
        ../data/annotations/eval_v001/fullgold-noninst-relation062-v001/metrics.csv
      hash: md5
      md5: a6cc6c46bd98c5da9ba3e0a383afeec6
      size: 1132
    - path: 
        ../data/annotations/eval_v001/fullgold-noninst-relation062-v001/metrics.json
      hash: md5
      md5: e98715f0ee5938a5d6be43ce3ac1e863
      size: 3587
    - path: 
        ../data/annotations/eval_v001/fullgold-noninst-relation062-v001/model_calls
      hash: md5
      md5: 0e3265eba1eb4ebe5fe85b4667631af6.dir
      size: 18470685
      nfiles: 86
    - path: 
        ../data/annotations/eval_v001/fullgold-noninst-relation062-v001/neo4j_load_report.json
      hash: md5
      md5: 127e2987b6ec85739fc6283104b5c004
      size: 277
    - path: 
        ../data/annotations/eval_v001/fullgold-noninst-relation062-v001/predictions
      hash: md5
      md5: 65cc2d20a454f9b033c5da44e0b59728.dir
      size: 2115163
      nfiles: 5
    - path: 
        ../data/annotations/eval_v001/fullgold-noninst-relation062-v001/summary.md
      hash: md5
      md5: 0b6189a4900a8de5bec2a614e6e0fa2b
      size: 2105
